
Microsoft Visual Studio Solution File, Format Version 12.00
# Visual Studio 14
VisualStudioVersion = 14.0.25123.0
MinimumVisualStudioVersion = 10.0.40219.1
Project("{FAE04EC0-301F-11D3-BF4B-00C04F79EFBC}") = "AopCodeLibrary", "AopCodeLibrary\AopCodeLibrary.csproj", "{8B5369A4-ADD5-4F04-AEF8-FAAEF6DFA458}"
EndProject
Project("{FAE04EC0-301F-11D3-BF4B-00C04F79EFBC}") = "AopCodeLibraryDemo", "AopCodeLibraryDemo\AopCodeLibraryDemo.csproj", "{2DC17458-7E67-4B57-9DE1-705BC5C67153}"
EndProject
Project("{FAE04EC0-301F-11D3-BF4B-00C04F79EFBC}") = "IniEditing", "IniEditing\IniEditing.csproj", "{6414C47D-DCF2-485E-94F4-DC4EDD37CCB0}"
EndProject
Project("{FAE04EC0-301F-11D3-BF4B-00C04F79EFBC}") = "IniEditingDemo", "IniEditingDemo\IniEditingDemo.csproj", "{6B511FF7-6CE6-4D26-A825-3B308AD6FA8C}"
EndProject
Project("{FAE04EC0-301F-11D3-BF4B-00C04F79EFBC}") = "AopStopWatch", "AopStopWatch\AopStopWatch.csproj", "{2290890F-F11B-4F85-8672-0087D33ADAEB}"
EndProject
Project("{FAE04EC0-301F-11D3-BF4B-00C04F79EFBC}") = "AdvancedBrowser", "AdvancedBrowser\AdvancedBrowser.csproj", "{0A8DF1E1-EEF7-460D-B668-579E77BD9C46}"
EndProject
Project("{FAE04EC0-301F-11D3-BF4B-00C04F79EFBC}") = "Beeper", "Beeper\Beeper.csproj", "{22631882-82E0-4371-AA9E-BECBEEF10F99}"
EndProject
Project("{FAE04EC0-301F-11D3-BF4B-00C04F79EFBC}") = "BullsEyeGraphics", "BullsEyeGraphics\BullsEyeGraphics.csproj", "{B2F3AE09-5F35-45E2-A2F4-6D6C1137D7B5}"
EndProject
Project("{FAE04EC0-301F-11D3-BF4B-00C04F79EFBC}") = "AopBenchmark", "AopBenchmark\AopBenchmark.csproj", "{4D61FBFE-22CB-47B5-B665-307FFB5D2E63}"
EndProject
Project("{FAE04EC0-301F-11D3-BF4B-00C04F79EFBC}") = "CaptchaExample", "CaptchaExample\CaptchaExample.csproj", "{D6CA0495-BAEF-4E8E-B0C4-28D2EA1B10E2}"
EndProject
Project("{FAE04EC0-301F-11D3-BF4B-00C04F79EFBC}") = "Eventing", "Eventing\Eventing.csproj", "{9802BB94-9E58-48BC-8E51-58BD1BC9CA13}"
EndProject
Project("{FAE04EC0-301F-11D3-BF4B-00C04F79EFBC}") = "FullscreenShot", "FullscreenShot\FullscreenShot.csproj", "{A1070855-9ABE-4642-84F9-93B7E2AFAC73}"
EndProject
Project("{FAE04EC0-301F-11D3-BF4B-00C04F79EFBC}") = "ReflectionPluginSystem", "ReflectionPluginSystem\ImageEditor\ReflectionPluginSystem.csproj", "{E7619AF7-6836-48A5-AC3B-792C8D3365D0}"
EndProject
Project("{FAE04EC0-301F-11D3-BF4B-00C04F79EFBC}") = "ReflectionPluginSystem.InvertColorsPlugin", "ReflectionPluginSystem\ImageEditor.InvertColorsPlugin\ReflectionPluginSystem.InvertColorsPlugin.csproj", "{94A90829-817A-4815-BB2D-9F062C0F01DC}"
EndProject
Project("{FAE04EC0-301F-11D3-BF4B-00C04F79EFBC}") = "ReflectionPluginSystem.BorderPlugin", "ReflectionPluginSystem\ImageEditor.BorderPlugin\ReflectionPluginSystem.BorderPlugin.csproj", "{30000F06-09C7-44E4-A4FA-3FC9EA420495}"
EndProject
Project("{FAE04EC0-301F-11D3-BF4B-00C04F79EFBC}") = "InputBoxDemo", "InputBoxDemo\InputBoxDemo.csproj", "{ACCF993D-40E4-428F-ABA2-AEB9FD18E3A3}"
EndProject
Project("{FAE04EC0-301F-11D3-BF4B-00C04F79EFBC}") = "IOSSliderExample", "IOSSliderExample\IOSSliderExample.csproj", "{78409A3F-781E-4480-AC20-B2139225A87C}"
EndProject
Project("{FAE04EC0-301F-11D3-BF4B-00C04F79EFBC}") = "MorseChallenge", "MorseChallenge\MorseChallenge.csproj", "{D89B6600-2CF4-4A9F-8E1F-366AA329E6A7}"
EndProject
Project("{FAE04EC0-301F-11D3-BF4B-00C04F79EFBC}") = "MsgSandBox", "MsgSandBox\MsgSandBox.csproj", "{A7417103-B916-46D0-A2EC-9AC8DF4C3A6D}"
EndProject
Project("{FAE04EC0-301F-11D3-BF4B-00C04F79EFBC}") = "ParticleGenerator", "ParticleGenerator\ParticleGenerator.csproj", "{41BE6487-4248-4CFB-B6BB-4F02416B3217}"
EndProject
Project("{FAE04EC0-301F-11D3-BF4B-00C04F79EFBC}") = "LogFileRemover", "LogFileRemover\LogFileRemover.csproj", "{B8A874D1-65D1-4414-B5BB-058BDBDCF74F}"
EndProject
Project("{FAE04EC0-301F-11D3-BF4B-00C04F79EFBC}") = "VirtualPianoPlayer", "VirtualPianoPlayer\VirtualPianoPlayer.csproj", "{6D2F788A-7A9B-4D75-BA93-7C5D366766EB}"
EndProject
Project("{FAE04EC0-301F-11D3-BF4B-00C04F79EFBC}") = "ShortcutHotkeyEditor", "ShortcutHotkeyEditor\ShortcutHotkeyEditor.csproj", "{A57F21EA-3272-4BEF-9606-7D3004ADF54D}"
EndProject
Project("{FAE04EC0-301F-11D3-BF4B-00C04F79EFBC}") = "SmoothPainting", "SmoothPainting\SmoothPainting.csproj", "{DB286C2C-7C77-4FBC-9E08-AE4B13569E79}"
EndProject
Project("{FAE04EC0-301F-11D3-BF4B-00C04F79EFBC}") = "SpeechConsole", "SpeechConsole\SpeechConsole.csproj", "{3754F1B6-5FFA-47F7-8BD4-A361E78C8865}"
EndProject
Project("{FAE04EC0-301F-11D3-BF4B-00C04F79EFBC}") = "TicTacToe", "TicTacToe\TicTacToe.csproj", "{31A112B9-0BEE-4D48-A942-E856B5990D6B}"
EndProject
Project("{FAE04EC0-301F-11D3-BF4B-00C04F79EFBC}") = "WebFilesEnhanced", "WebFilesEnhanced\WebFilesEnhanced.csproj", "{62155B13-4CB6-4BE1-8785-DE6BBB5B3AE6}"
EndProject
Project("{FAE04EC0-301F-11D3-BF4B-00C04F79EFBC}") = "WindowMatrix", "WindowMatrix\WindowMatrix.csproj", "{1748B7E2-CF33-4AAE-9432-6D2C0E037B3B}"
EndProject
Project("{FAE04EC0-301F-11D3-BF4B-00C04F79EFBC}") = "WordListProc", "WordListProc\WordListProc.csproj", "{8034F01F-5C93-4DEF-A16C-5691DF75CFE4}"
EndProject
Project("{FAE04EC0-301F-11D3-BF4B-00C04F79EFBC}") = "ABitOfMemory", "ABitOfMemory\ABitOfMemory.csproj", "{18F16952-B15B-45AC-8A09-FBAB60964F3C}"
EndProject
Project("{FAE04EC0-301F-11D3-BF4B-00C04F79EFBC}") = "MorseCodeRain", "MorseCodeRain\MorseCodeRain\MorseCodeRain.csproj", "{372569EF-1EFF-4910-ADB2-DB61A2675411}"
EndProject
Global
	GlobalSection(SolutionConfigurationPlatforms) = preSolution
		Debug|Any CPU = Debug|Any CPU
		Debug|x86 = Debug|x86
		Release|Any CPU = Release|Any CPU
		Release|x86 = Release|x86
	EndGlobalSection
	GlobalSection(ProjectConfigurationPlatforms) = postSolution
		{8B5369A4-ADD5-4F04-AEF8-FAAEF6DFA458}.Debug|Any CPU.ActiveCfg = Debug|Any CPU
		{8B5369A4-ADD5-4F04-AEF8-FAAEF6DFA458}.Debug|Any CPU.Build.0 = Debug|Any CPU
		{8B5369A4-ADD5-4F04-AEF8-FAAEF6DFA458}.Debug|x86.ActiveCfg = Debug|Any CPU
		{8B5369A4-ADD5-4F04-AEF8-FAAEF6DFA458}.Debug|x86.Build.0 = Debug|Any CPU
		{8B5369A4-ADD5-4F04-AEF8-FAAEF6DFA458}.Release|Any CPU.ActiveCfg = Release|Any CPU
		{8B5369A4-ADD5-4F04-AEF8-FAAEF6DFA458}.Release|Any CPU.Build.0 = Release|Any CPU
		{8B5369A4-ADD5-4F04-AEF8-FAAEF6DFA458}.Release|x86.ActiveCfg = Release|Any CPU
		{8B5369A4-ADD5-4F04-AEF8-FAAEF6DFA458}.Release|x86.Build.0 = Release|Any CPU
		{2DC17458-7E67-4B57-9DE1-705BC5C67153}.Debug|Any CPU.ActiveCfg = Debug|Any CPU
		{2DC17458-7E67-4B57-9DE1-705BC5C67153}.Debug|Any CPU.Build.0 = Debug|Any CPU
		{2DC17458-7E67-4B57-9DE1-705BC5C67153}.Debug|x86.ActiveCfg = Debug|Any CPU
		{2DC17458-7E67-4B57-9DE1-705BC5C67153}.Debug|x86.Build.0 = Debug|Any CPU
		{2DC17458-7E67-4B57-9DE1-705BC5C67153}.Release|Any CPU.ActiveCfg = Release|Any CPU
		{2DC17458-7E67-4B57-9DE1-705BC5C67153}.Release|Any CPU.Build.0 = Release|Any CPU
		{2DC17458-7E67-4B57-9DE1-705BC5C67153}.Release|x86.ActiveCfg = Release|Any CPU
		{2DC17458-7E67-4B57-9DE1-705BC5C67153}.Release|x86.Build.0 = Release|Any CPU
		{6414C47D-DCF2-485E-94F4-DC4EDD37CCB0}.Debug|Any CPU.ActiveCfg = Debug|Any CPU
		{6414C47D-DCF2-485E-94F4-DC4EDD37CCB0}.Debug|Any CPU.Build.0 = Debug|Any CPU
		{6414C47D-DCF2-485E-94F4-DC4EDD37CCB0}.Debug|x86.ActiveCfg = Debug|Any CPU
		{6414C47D-DCF2-485E-94F4-DC4EDD37CCB0}.Debug|x86.Build.0 = Debug|Any CPU
		{6414C47D-DCF2-485E-94F4-DC4EDD37CCB0}.Release|Any CPU.ActiveCfg = Release|Any CPU
		{6414C47D-DCF2-485E-94F4-DC4EDD37CCB0}.Release|Any CPU.Build.0 = Release|Any CPU
		{6414C47D-DCF2-485E-94F4-DC4EDD37CCB0}.Release|x86.ActiveCfg = Release|Any CPU
		{6414C47D-DCF2-485E-94F4-DC4EDD37CCB0}.Release|x86.Build.0 = Release|Any CPU
		{6B511FF7-6CE6-4D26-A825-3B308AD6FA8C}.Debug|Any CPU.ActiveCfg = Debug|Any CPU
		{6B511FF7-6CE6-4D26-A825-3B308AD6FA8C}.Debug|Any CPU.Build.0 = Debug|Any CPU
		{6B511FF7-6CE6-4D26-A825-3B308AD6FA8C}.Debug|x86.ActiveCfg = Debug|Any CPU
		{6B511FF7-6CE6-4D26-A825-3B308AD6FA8C}.Debug|x86.Build.0 = Debug|Any CPU
		{6B511FF7-6CE6-4D26-A825-3B308AD6FA8C}.Release|Any CPU.ActiveCfg = Release|Any CPU
		{6B511FF7-6CE6-4D26-A825-3B308AD6FA8C}.Release|Any CPU.Build.0 = Release|Any CPU
		{6B511FF7-6CE6-4D26-A825-3B308AD6FA8C}.Release|x86.ActiveCfg = Release|Any CPU
		{6B511FF7-6CE6-4D26-A825-3B308AD6FA8C}.Release|x86.Build.0 = Release|Any CPU
		{2290890F-F11B-4F85-8672-0087D33ADAEB}.Debug|Any CPU.ActiveCfg = Debug|Any CPU
		{2290890F-F11B-4F85-8672-0087D33ADAEB}.Debug|Any CPU.Build.0 = Debug|Any CPU
		{2290890F-F11B-4F85-8672-0087D33ADAEB}.Debug|x86.ActiveCfg = Debug|Any CPU
		{2290890F-F11B-4F85-8672-0087D33ADAEB}.Debug|x86.Build.0 = Debug|Any CPU
		{2290890F-F11B-4F85-8672-0087D33ADAEB}.Release|Any CPU.ActiveCfg = Release|Any CPU
		{2290890F-F11B-4F85-8672-0087D33ADAEB}.Release|Any CPU.Build.0 = Release|Any CPU
		{2290890F-F11B-4F85-8672-0087D33ADAEB}.Release|x86.ActiveCfg = Release|Any CPU
		{2290890F-F11B-4F85-8672-0087D33ADAEB}.Release|x86.Build.0 = Release|Any CPU
		{0A8DF1E1-EEF7-460D-B668-579E77BD9C46}.Debug|Any CPU.ActiveCfg = Debug|Any CPU
		{0A8DF1E1-EEF7-460D-B668-579E77BD9C46}.Debug|Any CPU.Build.0 = Debug|Any CPU
		{0A8DF1E1-EEF7-460D-B668-579E77BD9C46}.Debug|x86.ActiveCfg = Debug|Any CPU
		{0A8DF1E1-EEF7-460D-B668-579E77BD9C46}.Debug|x86.Build.0 = Debug|Any CPU
		{0A8DF1E1-EEF7-460D-B668-579E77BD9C46}.Release|Any CPU.ActiveCfg = Release|Any CPU
		{0A8DF1E1-EEF7-460D-B668-579E77BD9C46}.Release|Any CPU.Build.0 = Release|Any CPU
		{0A8DF1E1-EEF7-460D-B668-579E77BD9C46}.Release|x86.ActiveCfg = Release|Any CPU
		{0A8DF1E1-EEF7-460D-B668-579E77BD9C46}.Release|x86.Build.0 = Release|Any CPU
		{22631882-82E0-4371-AA9E-BECBEEF10F99}.Debug|Any CPU.ActiveCfg = Debug|Any CPU
		{22631882-82E0-4371-AA9E-BECBEEF10F99}.Debug|Any CPU.Build.0 = Debug|Any CPU
		{22631882-82E0-4371-AA9E-BECBEEF10F99}.Debug|x86.ActiveCfg = Debug|Any CPU
		{22631882-82E0-4371-AA9E-BECBEEF10F99}.Debug|x86.Build.0 = Debug|Any CPU
		{22631882-82E0-4371-AA9E-BECBEEF10F99}.Release|Any CPU.ActiveCfg = Release|Any CPU
		{22631882-82E0-4371-AA9E-BECBEEF10F99}.Release|Any CPU.Build.0 = Release|Any CPU
		{22631882-82E0-4371-AA9E-BECBEEF10F99}.Release|x86.ActiveCfg = Release|Any CPU
		{22631882-82E0-4371-AA9E-BECBEEF10F99}.Release|x86.Build.0 = Release|Any CPU
		{B2F3AE09-5F35-45E2-A2F4-6D6C1137D7B5}.Debug|Any CPU.ActiveCfg = Debug|Any CPU
		{B2F3AE09-5F35-45E2-A2F4-6D6C1137D7B5}.Debug|Any CPU.Build.0 = Debug|Any CPU
		{B2F3AE09-5F35-45E2-A2F4-6D6C1137D7B5}.Debug|x86.ActiveCfg = Debug|Any CPU
		{B2F3AE09-5F35-45E2-A2F4-6D6C1137D7B5}.Debug|x86.Build.0 = Debug|Any CPU
		{B2F3AE09-5F35-45E2-A2F4-6D6C1137D7B5}.Release|Any CPU.ActiveCfg = Release|Any CPU
		{B2F3AE09-5F35-45E2-A2F4-6D6C1137D7B5}.Release|Any CPU.Build.0 = Release|Any CPU
		{B2F3AE09-5F35-45E2-A2F4-6D6C1137D7B5}.Release|x86.ActiveCfg = Release|Any CPU
		{B2F3AE09-5F35-45E2-A2F4-6D6C1137D7B5}.Release|x86.Build.0 = Release|Any CPU
		{4D61FBFE-22CB-47B5-B665-307FFB5D2E63}.Debug|Any CPU.ActiveCfg = Debug|Any CPU
		{4D61FBFE-22CB-47B5-B665-307FFB5D2E63}.Debug|Any CPU.Build.0 = Debug|Any CPU
		{4D61FBFE-22CB-47B5-B665-307FFB5D2E63}.Debug|x86.ActiveCfg = Debug|Any CPU
		{4D61FBFE-22CB-47B5-B665-307FFB5D2E63}.Debug|x86.Build.0 = Debug|Any CPU
		{4D61FBFE-22CB-47B5-B665-307FFB5D2E63}.Release|Any CPU.ActiveCfg = Release|Any CPU
		{4D61FBFE-22CB-47B5-B665-307FFB5D2E63}.Release|Any CPU.Build.0 = Release|Any CPU
		{4D61FBFE-22CB-47B5-B665-307FFB5D2E63}.Release|x86.ActiveCfg = Release|Any CPU
		{4D61FBFE-22CB-47B5-B665-307FFB5D2E63}.Release|x86.Build.0 = Release|Any CPU
		{D6CA0495-BAEF-4E8E-B0C4-28D2EA1B10E2}.Debug|Any CPU.ActiveCfg = Debug|Any CPU
		{D6CA0495-BAEF-4E8E-B0C4-28D2EA1B10E2}.Debug|Any CPU.Build.0 = Debug|Any CPU
		{D6CA0495-BAEF-4E8E-B0C4-28D2EA1B10E2}.Debug|x86.ActiveCfg = Debug|Any CPU
		{D6CA0495-BAEF-4E8E-B0C4-28D2EA1B10E2}.Debug|x86.Build.0 = Debug|Any CPU
		{D6CA0495-BAEF-4E8E-B0C4-28D2EA1B10E2}.Release|Any CPU.ActiveCfg = Release|Any CPU
		{D6CA0495-BAEF-4E8E-B0C4-28D2EA1B10E2}.Release|Any CPU.Build.0 = Release|Any CPU
		{D6CA0495-BAEF-4E8E-B0C4-28D2EA1B10E2}.Release|x86.ActiveCfg = Release|Any CPU
		{D6CA0495-BAEF-4E8E-B0C4-28D2EA1B10E2}.Release|x86.Build.0 = Release|Any CPU
		{9802BB94-9E58-48BC-8E51-58BD1BC9CA13}.Debug|Any CPU.ActiveCfg = Debug|x86
		{9802BB94-9E58-48BC-8E51-58BD1BC9CA13}.Debug|x86.ActiveCfg = Debug|x86
		{9802BB94-9E58-48BC-8E51-58BD1BC9CA13}.Debug|x86.Build.0 = Debug|x86
		{9802BB94-9E58-48BC-8E51-58BD1BC9CA13}.Release|Any CPU.ActiveCfg = Release|x86
		{9802BB94-9E58-48BC-8E51-58BD1BC9CA13}.Release|x86.ActiveCfg = Release|x86
		{9802BB94-9E58-48BC-8E51-58BD1BC9CA13}.Release|x86.Build.0 = Release|x86
		{A1070855-9ABE-4642-84F9-93B7E2AFAC73}.Debug|Any CPU.ActiveCfg = Debug|Any CPU
		{A1070855-9ABE-4642-84F9-93B7E2AFAC73}.Debug|Any CPU.Build.0 = Debug|Any CPU
		{A1070855-9ABE-4642-84F9-93B7E2AFAC73}.Debug|x86.ActiveCfg = Debug|Any CPU
		{A1070855-9ABE-4642-84F9-93B7E2AFAC73}.Debug|x86.Build.0 = Debug|Any CPU
		{A1070855-9ABE-4642-84F9-93B7E2AFAC73}.Release|Any CPU.ActiveCfg = Release|Any CPU
		{A1070855-9ABE-4642-84F9-93B7E2AFAC73}.Release|Any CPU.Build.0 = Release|Any CPU
		{A1070855-9ABE-4642-84F9-93B7E2AFAC73}.Release|x86.ActiveCfg = Release|Any CPU
		{A1070855-9ABE-4642-84F9-93B7E2AFAC73}.Release|x86.Build.0 = Release|Any CPU
		{E7619AF7-6836-48A5-AC3B-792C8D3365D0}.Debug|Any CPU.ActiveCfg = Debug|Any CPU
		{E7619AF7-6836-48A5-AC3B-792C8D3365D0}.Debug|Any CPU.Build.0 = Debug|Any CPU
		{E7619AF7-6836-48A5-AC3B-792C8D3365D0}.Debug|x86.ActiveCfg = Debug|Any CPU
		{E7619AF7-6836-48A5-AC3B-792C8D3365D0}.Debug|x86.Build.0 = Debug|Any CPU
		{E7619AF7-6836-48A5-AC3B-792C8D3365D0}.Release|Any CPU.ActiveCfg = Release|Any CPU
		{E7619AF7-6836-48A5-AC3B-792C8D3365D0}.Release|Any CPU.Build.0 = Release|Any CPU
		{E7619AF7-6836-48A5-AC3B-792C8D3365D0}.Release|x86.ActiveCfg = Release|Any CPU
		{E7619AF7-6836-48A5-AC3B-792C8D3365D0}.Release|x86.Build.0 = Release|Any CPU
		{94A90829-817A-4815-BB2D-9F062C0F01DC}.Debug|Any CPU.ActiveCfg = Debug|Any CPU
		{94A90829-817A-4815-BB2D-9F062C0F01DC}.Debug|Any CPU.Build.0 = Debug|Any CPU
		{94A90829-817A-4815-BB2D-9F062C0F01DC}.Debug|x86.ActiveCfg = Debug|Any CPU
		{94A90829-817A-4815-BB2D-9F062C0F01DC}.Debug|x86.Build.0 = Debug|Any CPU
		{94A90829-817A-4815-BB2D-9F062C0F01DC}.Release|Any CPU.ActiveCfg = Release|Any CPU
		{94A90829-817A-4815-BB2D-9F062C0F01DC}.Release|Any CPU.Build.0 = Release|Any CPU
		{94A90829-817A-4815-BB2D-9F062C0F01DC}.Release|x86.ActiveCfg = Release|Any CPU
		{94A90829-817A-4815-BB2D-9F062C0F01DC}.Release|x86.Build.0 = Release|Any CPU
		{30000F06-09C7-44E4-A4FA-3FC9EA420495}.Debug|Any CPU.ActiveCfg = Debug|Any CPU
		{30000F06-09C7-44E4-A4FA-3FC9EA420495}.Debug|Any CPU.Build.0 = Debug|Any CPU
		{30000F06-09C7-44E4-A4FA-3FC9EA420495}.Debug|x86.ActiveCfg = Debug|Any CPU
		{30000F06-09C7-44E4-A4FA-3FC9EA420495}.Debug|x86.Build.0 = Debug|Any CPU
		{30000F06-09C7-44E4-A4FA-3FC9EA420495}.Release|Any CPU.ActiveCfg = Release|Any CPU
		{30000F06-09C7-44E4-A4FA-3FC9EA420495}.Release|Any CPU.Build.0 = Release|Any CPU
		{30000F06-09C7-44E4-A4FA-3FC9EA420495}.Release|x86.ActiveCfg = Release|Any CPU
		{30000F06-09C7-44E4-A4FA-3FC9EA420495}.Release|x86.Build.0 = Release|Any CPU
		{ACCF993D-40E4-428F-ABA2-AEB9FD18E3A3}.Debug|Any CPU.ActiveCfg = Debug|Any CPU
		{ACCF993D-40E4-428F-ABA2-AEB9FD18E3A3}.Debug|Any CPU.Build.0 = Debug|Any CPU
		{ACCF993D-40E4-428F-ABA2-AEB9FD18E3A3}.Debug|x86.ActiveCfg = Debug|Any CPU
		{ACCF993D-40E4-428F-ABA2-AEB9FD18E3A3}.Debug|x86.Build.0 = Debug|Any CPU
		{ACCF993D-40E4-428F-ABA2-AEB9FD18E3A3}.Release|Any CPU.ActiveCfg = Release|Any CPU
		{ACCF993D-40E4-428F-ABA2-AEB9FD18E3A3}.Release|Any CPU.Build.0 = Release|Any CPU
		{ACCF993D-40E4-428F-ABA2-AEB9FD18E3A3}.Release|x86.ActiveCfg = Release|Any CPU
		{ACCF993D-40E4-428F-ABA2-AEB9FD18E3A3}.Release|x86.Build.0 = Release|Any CPU
		{78409A3F-781E-4480-AC20-B2139225A87C}.Debug|Any CPU.ActiveCfg = Debug|Any CPU
		{78409A3F-781E-4480-AC20-B2139225A87C}.Debug|Any CPU.Build.0 = Debug|Any CPU
		{78409A3F-781E-4480-AC20-B2139225A87C}.Debug|x86.ActiveCfg = Debug|Any CPU
		{78409A3F-781E-4480-AC20-B2139225A87C}.Debug|x86.Build.0 = Debug|Any CPU
		{78409A3F-781E-4480-AC20-B2139225A87C}.Release|Any CPU.ActiveCfg = Release|Any CPU
		{78409A3F-781E-4480-AC20-B2139225A87C}.Release|Any CPU.Build.0 = Release|Any CPU
		{78409A3F-781E-4480-AC20-B2139225A87C}.Release|x86.ActiveCfg = Release|Any CPU
		{78409A3F-781E-4480-AC20-B2139225A87C}.Release|x86.Build.0 = Release|Any CPU
		{D89B6600-2CF4-4A9F-8E1F-366AA329E6A7}.Debug|Any CPU.ActiveCfg = Debug|Any CPU
		{D89B6600-2CF4-4A9F-8E1F-366AA329E6A7}.Debug|Any CPU.Build.0 = Debug|Any CPU
		{D89B6600-2CF4-4A9F-8E1F-366AA329E6A7}.Debug|x86.ActiveCfg = Debug|Any CPU
		{D89B6600-2CF4-4A9F-8E1F-366AA329E6A7}.Debug|x86.Build.0 = Debug|Any CPU
		{D89B6600-2CF4-4A9F-8E1F-366AA329E6A7}.Release|Any CPU.ActiveCfg = Release|Any CPU
		{D89B6600-2CF4-4A9F-8E1F-366AA329E6A7}.Release|Any CPU.Build.0 = Release|Any CPU
		{D89B6600-2CF4-4A9F-8E1F-366AA329E6A7}.Release|x86.ActiveCfg = Release|Any CPU
		{D89B6600-2CF4-4A9F-8E1F-366AA329E6A7}.Release|x86.Build.0 = Release|Any CPU
		{A7417103-B916-46D0-A2EC-9AC8DF4C3A6D}.Debug|Any CPU.ActiveCfg = Debug|Any CPU
		{A7417103-B916-46D0-A2EC-9AC8DF4C3A6D}.Debug|Any CPU.Build.0 = Debug|Any CPU
		{A7417103-B916-46D0-A2EC-9AC8DF4C3A6D}.Debug|x86.ActiveCfg = Debug|Any CPU
		{A7417103-B916-46D0-A2EC-9AC8DF4C3A6D}.Debug|x86.Build.0 = Debug|Any CPU
		{A7417103-B916-46D0-A2EC-9AC8DF4C3A6D}.Release|Any CPU.ActiveCfg = Release|Any CPU
		{A7417103-B916-46D0-A2EC-9AC8DF4C3A6D}.Release|Any CPU.Build.0 = Release|Any CPU
		{A7417103-B916-46D0-A2EC-9AC8DF4C3A6D}.Release|x86.ActiveCfg = Release|Any CPU
		{A7417103-B916-46D0-A2EC-9AC8DF4C3A6D}.Release|x86.Build.0 = Release|Any CPU
		{41BE6487-4248-4CFB-B6BB-4F02416B3217}.Debug|Any CPU.ActiveCfg = Debug|Any CPU
		{41BE6487-4248-4CFB-B6BB-4F02416B3217}.Debug|Any CPU.Build.0 = Debug|Any CPU
		{41BE6487-4248-4CFB-B6BB-4F02416B3217}.Debug|x86.ActiveCfg = Debug|Any CPU
		{41BE6487-4248-4CFB-B6BB-4F02416B3217}.Debug|x86.Build.0 = Debug|Any CPU
		{41BE6487-4248-4CFB-B6BB-4F02416B3217}.Release|Any CPU.ActiveCfg = Release|Any CPU
		{41BE6487-4248-4CFB-B6BB-4F02416B3217}.Release|Any CPU.Build.0 = Release|Any CPU
		{41BE6487-4248-4CFB-B6BB-4F02416B3217}.Release|x86.ActiveCfg = Release|Any CPU
		{41BE6487-4248-4CFB-B6BB-4F02416B3217}.Release|x86.Build.0 = Release|Any CPU
		{B8A874D1-65D1-4414-B5BB-058BDBDCF74F}.Debug|Any CPU.ActiveCfg = Debug|x86
		{B8A874D1-65D1-4414-B5BB-058BDBDCF74F}.Debug|x86.ActiveCfg = Debug|x86
		{B8A874D1-65D1-4414-B5BB-058BDBDCF74F}.Debug|x86.Build.0 = Debug|x86
		{B8A874D1-65D1-4414-B5BB-058BDBDCF74F}.Release|Any CPU.ActiveCfg = Release|x86
		{B8A874D1-65D1-4414-B5BB-058BDBDCF74F}.Release|x86.ActiveCfg = Release|x86
		{B8A874D1-65D1-4414-B5BB-058BDBDCF74F}.Release|x86.Build.0 = Release|x86
		{6D2F788A-7A9B-4D75-BA93-7C5D366766EB}.Debug|Any CPU.ActiveCfg = Debug|Any CPU
		{6D2F788A-7A9B-4D75-BA93-7C5D366766EB}.Debug|Any CPU.Build.0 = Debug|Any CPU
		{6D2F788A-7A9B-4D75-BA93-7C5D366766EB}.Debug|x86.ActiveCfg = Debug|Any CPU
		{6D2F788A-7A9B-4D75-BA93-7C5D366766EB}.Debug|x86.Build.0 = Debug|Any CPU
		{6D2F788A-7A9B-4D75-BA93-7C5D366766EB}.Release|Any CPU.ActiveCfg = Release|Any CPU
		{6D2F788A-7A9B-4D75-BA93-7C5D366766EB}.Release|Any CPU.Build.0 = Release|Any CPU
		{6D2F788A-7A9B-4D75-BA93-7C5D366766EB}.Release|x86.ActiveCfg = Release|Any CPU
		{6D2F788A-7A9B-4D75-BA93-7C5D366766EB}.Release|x86.Build.0 = Release|Any CPU
		{A57F21EA-3272-4BEF-9606-7D3004ADF54D}.Debug|Any CPU.ActiveCfg = Debug|Any CPU
		{A57F21EA-3272-4BEF-9606-7D3004ADF54D}.Debug|Any CPU.Build.0 = Debug|Any CPU
		{A57F21EA-3272-4BEF-9606-7D3004ADF54D}.Debug|x86.ActiveCfg = Debug|Any CPU
		{A57F21EA-3272-4BEF-9606-7D3004ADF54D}.Debug|x86.Build.0 = Debug|Any CPU
		{A57F21EA-3272-4BEF-9606-7D3004ADF54D}.Release|Any CPU.ActiveCfg = Release|Any CPU
		{A57F21EA-3272-4BEF-9606-7D3004ADF54D}.Release|Any CPU.Build.0 = Release|Any CPU
		{A57F21EA-3272-4BEF-9606-7D3004ADF54D}.Release|x86.ActiveCfg = Release|Any CPU
		{A57F21EA-3272-4BEF-9606-7D3004ADF54D}.Release|x86.Build.0 = Release|Any CPU
		{DB286C2C-7C77-4FBC-9E08-AE4B13569E79}.Debug|Any CPU.ActiveCfg = Debug|Any CPU
		{DB286C2C-7C77-4FBC-9E08-AE4B13569E79}.Debug|Any CPU.Build.0 = Debug|Any CPU
		{DB286C2C-7C77-4FBC-9E08-AE4B13569E79}.Debug|x86.ActiveCfg = Debug|Any CPU
		{DB286C2C-7C77-4FBC-9E08-AE4B13569E79}.Debug|x86.Build.0 = Debug|Any CPU
		{DB286C2C-7C77-4FBC-9E08-AE4B13569E79}.Release|Any CPU.ActiveCfg = Release|Any CPU
		{DB286C2C-7C77-4FBC-9E08-AE4B13569E79}.Release|Any CPU.Build.0 = Release|Any CPU
		{DB286C2C-7C77-4FBC-9E08-AE4B13569E79}.Release|x86.ActiveCfg = Release|Any CPU
		{DB286C2C-7C77-4FBC-9E08-AE4B13569E79}.Release|x86.Build.0 = Release|Any CPU
		{3754F1B6-5FFA-47F7-8BD4-A361E78C8865}.Debug|Any CPU.ActiveCfg = Debug|Any CPU
		{3754F1B6-5FFA-47F7-8BD4-A361E78C8865}.Debug|Any CPU.Build.0 = Debug|Any CPU
		{3754F1B6-5FFA-47F7-8BD4-A361E78C8865}.Debug|x86.ActiveCfg = Debug|Any CPU
		{3754F1B6-5FFA-47F7-8BD4-A361E78C8865}.Debug|x86.Build.0 = Debug|Any CPU
		{3754F1B6-5FFA-47F7-8BD4-A361E78C8865}.Release|Any CPU.ActiveCfg = Release|Any CPU
		{3754F1B6-5FFA-47F7-8BD4-A361E78C8865}.Release|Any CPU.Build.0 = Release|Any CPU
		{3754F1B6-5FFA-47F7-8BD4-A361E78C8865}.Release|x86.ActiveCfg = Release|Any CPU
		{3754F1B6-5FFA-47F7-8BD4-A361E78C8865}.Release|x86.Build.0 = Release|Any CPU
		{31A112B9-0BEE-4D48-A942-E856B5990D6B}.Debug|Any CPU.ActiveCfg = Debug|Any CPU
		{31A112B9-0BEE-4D48-A942-E856B5990D6B}.Debug|Any CPU.Build.0 = Debug|Any CPU
		{31A112B9-0BEE-4D48-A942-E856B5990D6B}.Debug|x86.ActiveCfg = Debug|Any CPU
		{31A112B9-0BEE-4D48-A942-E856B5990D6B}.Debug|x86.Build.0 = Debug|Any CPU
		{31A112B9-0BEE-4D48-A942-E856B5990D6B}.Release|Any CPU.ActiveCfg = Release|Any CPU
		{31A112B9-0BEE-4D48-A942-E856B5990D6B}.Release|Any CPU.Build.0 = Release|Any CPU
		{31A112B9-0BEE-4D48-A942-E856B5990D6B}.Release|x86.ActiveCfg = Release|Any CPU
		{31A112B9-0BEE-4D48-A942-E856B5990D6B}.Release|x86.Build.0 = Release|Any CPU
		{62155B13-4CB6-4BE1-8785-DE6BBB5B3AE6}.Debug|Any CPU.ActiveCfg = Debug|Any CPU
		{62155B13-4CB6-4BE1-8785-DE6BBB5B3AE6}.Debug|Any CPU.Build.0 = Debug|Any CPU
		{62155B13-4CB6-4BE1-8785-DE6BBB5B3AE6}.Debug|x86.ActiveCfg = Debug|Any CPU
		{62155B13-4CB6-4BE1-8785-DE6BBB5B3AE6}.Debug|x86.Build.0 = Debug|Any CPU
		{62155B13-4CB6-4BE1-8785-DE6BBB5B3AE6}.Release|Any CPU.ActiveCfg = Release|Any CPU
		{62155B13-4CB6-4BE1-8785-DE6BBB5B3AE6}.Release|Any CPU.Build.0 = Release|Any CPU
		{62155B13-4CB6-4BE1-8785-DE6BBB5B3AE6}.Release|x86.ActiveCfg = Release|Any CPU
		{62155B13-4CB6-4BE1-8785-DE6BBB5B3AE6}.Release|x86.Build.0 = Release|Any CPU
		{1748B7E2-CF33-4AAE-9432-6D2C0E037B3B}.Debug|Any CPU.ActiveCfg = Debug|Any CPU
		{1748B7E2-CF33-4AAE-9432-6D2C0E037B3B}.Debug|Any CPU.Build.0 = Debug|Any CPU
		{1748B7E2-CF33-4AAE-9432-6D2C0E037B3B}.Debug|x86.ActiveCfg = Debug|Any CPU
		{1748B7E2-CF33-4AAE-9432-6D2C0E037B3B}.Debug|x86.Build.0 = Debug|Any CPU
		{1748B7E2-CF33-4AAE-9432-6D2C0E037B3B}.Release|Any CPU.ActiveCfg = Release|Any CPU
		{1748B7E2-CF33-4AAE-9432-6D2C0E037B3B}.Release|Any CPU.Build.0 = Release|Any CPU
		{1748B7E2-CF33-4AAE-9432-6D2C0E037B3B}.Release|x86.ActiveCfg = Release|Any CPU
		{1748B7E2-CF33-4AAE-9432-6D2C0E037B3B}.Release|x86.Build.0 = Release|Any CPU
		{8034F01F-5C93-4DEF-A16C-5691DF75CFE4}.Debug|Any CPU.ActiveCfg = Debug|Any CPU
		{8034F01F-5C93-4DEF-A16C-5691DF75CFE4}.Debug|Any CPU.Build.0 = Debug|Any CPU
		{8034F01F-5C93-4DEF-A16C-5691DF75CFE4}.Debug|x86.ActiveCfg = Debug|Any CPU
		{8034F01F-5C93-4DEF-A16C-5691DF75CFE4}.Debug|x86.Build.0 = Debug|Any CPU
		{8034F01F-5C93-4DEF-A16C-5691DF75CFE4}.Release|Any CPU.ActiveCfg = Release|Any CPU
		{8034F01F-5C93-4DEF-A16C-5691DF75CFE4}.Release|Any CPU.Build.0 = Release|Any CPU
		{8034F01F-5C93-4DEF-A16C-5691DF75CFE4}.Release|x86.ActiveCfg = Release|Any CPU
		{8034F01F-5C93-4DEF-A16C-5691DF75CFE4}.Release|x86.Build.0 = Release|Any CPU
		{18F16952-B15B-45AC-8A09-FBAB60964F3C}.Debug|Any CPU.ActiveCfg = Debug|Any CPU
		{18F16952-B15B-45AC-8A09-FBAB60964F3C}.Debug|Any CPU.Build.0 = Debug|Any CPU
		{18F16952-B15B-45AC-8A09-FBAB60964F3C}.Debug|x86.ActiveCfg = Debug|Any CPU
		{18F16952-B15B-45AC-8A09-FBAB60964F3C}.Debug|x86.Build.0 = Debug|Any CPU
		{18F16952-B15B-45AC-8A09-FBAB60964F3C}.Release|Any CPU.ActiveCfg = Release|Any CPU
		{18F16952-B15B-45AC-8A09-FBAB60964F3C}.Release|Any CPU.Build.0 = Release|Any CPU
		{18F16952-B15B-45AC-8A09-FBAB60964F3C}.Release|x86.ActiveCfg = Release|Any CPU
		{18F16952-B15B-45AC-8A09-FBAB60964F3C}.Release|x86.Build.0 = Release|Any CPU
		{372569EF-1EFF-4910-ADB2-DB61A2675411}.Debug|Any CPU.ActiveCfg = Debug|Any CPU
		{372569EF-1EFF-4910-ADB2-DB61A2675411}.Debug|Any CPU.Build.0 = Debug|Any CPU
		{372569EF-1EFF-4910-ADB2-DB61A2675411}.Debug|x86.ActiveCfg = Debug|Any CPU
		{372569EF-1EFF-4910-ADB2-DB61A2675411}.Debug|x86.Build.0 = Debug|Any CPU
		{372569EF-1EFF-4910-ADB2-DB61A2675411}.Release|Any CPU.ActiveCfg = Release|Any CPU
		{372569EF-1EFF-4910-ADB2-DB61A2675411}.Release|Any CPU.Build.0 = Release|Any CPU
		{372569EF-1EFF-4910-ADB2-DB61A2675411}.Release|x86.ActiveCfg = Release|Any CPU
		{372569EF-1EFF-4910-ADB2-DB61A2675411}.Release|x86.Build.0 = Release|Any CPU
	EndGlobalSection
	GlobalSection(SolutionProperties) = preSolution
		HideSolutionNode = FALSE
	EndGlobalSection
EndGlobal
